
Microsoft Visual Studio Solution File, Format Version 11.00
# Visual Studio 2010
Project("{8BC9CEB8-8B4A-11D0-8D11-00A0C91BC942}") = "test_haar_cpu", "test_haar_cpu\test_haar_cpu.vcxproj", "{31A0563F-C596-4D57-85C7-3AAFAA284874}"
EndProject
Project("{8BC9CEB8-8B4A-11D0-8D11-00A0C91BC942}") = "test_haar_thresh_quantUnif_cpu", "test_haar_thresh_quantUnif_cpu\test_haar_thresh_quantUnif_cpu.vcxproj", "{2D433B1C-ED97-4119-8F2B-8D910D72CF7E}"
EndProject
Project("{8BC9CEB8-8B4A-11D0-8D11-00A0C91BC942}") = "test_haar_thresh_quantLog_cpu", "test_haar_thresh_quantLog_cpu\test_haar_thresh_quantLog_cpu.vcxproj", "{5611E8A1-F1C7-444A-84E0-0ACD61E6564B}"
EndProject
Global
	GlobalSection(SolutionConfigurationPlatforms) = preSolution
		Debug|Win32 = Debug|Win32
		Release|Win32 = Release|Win32
	EndGlobalSection
	GlobalSection(ProjectConfigurationPlatforms) = postSolution
		{31A0563F-C596-4D57-85C7-3AAFAA284874}.Debug|Win32.ActiveCfg = Debug|Win32
		{31A0563F-C596-4D57-85C7-3AAFAA284874}.Debug|Win32.Build.0 = Debug|Win32
		{31A0563F-C596-4D57-85C7-3AAFAA284874}.Release|Win32.ActiveCfg = Release|Win32
		{31A0563F-C596-4D57-85C7-3AAFAA284874}.Release|Win32.Build.0 = Release|Win32
		{2D433B1C-ED97-4119-8F2B-8D910D72CF7E}.Debug|Win32.ActiveCfg = Debug|Win32
		{2D433B1C-ED97-4119-8F2B-8D910D72CF7E}.Debug|Win32.Build.0 = Debug|Win32
		{2D433B1C-ED97-4119-8F2B-8D910D72CF7E}.Release|Win32.ActiveCfg = Release|Win32
		{2D433B1C-ED97-4119-8F2B-8D910D72CF7E}.Release|Win32.Build.0 = Release|Win32
		{5611E8A1-F1C7-444A-84E0-0ACD61E6564B}.Debug|Win32.ActiveCfg = Debug|Win32
		{5611E8A1-F1C7-444A-84E0-0ACD61E6564B}.Debug|Win32.Build.0 = Debug|Win32
		{5611E8A1-F1C7-444A-84E0-0ACD61E6564B}.Release|Win32.ActiveCfg = Release|Win32
		{5611E8A1-F1C7-444A-84E0-0ACD61E6564B}.Release|Win32.Build.0 = Release|Win32
	EndGlobalSection
	GlobalSection(SolutionProperties) = preSolution
		HideSolutionNode = FALSE
	EndGlobalSection
EndGlobal
